
Microsoft Visual Studio Solution File, Format Version 12.00
# Visual Studio Version 16
VisualStudioVersion = 16.0.30309.148
MinimumVisualStudioVersion = 10.0.40219.1
Project("{FAE04EC0-301F-11D3-BF4B-00C04F79EFBC}") = "Topic 9 - GUI Introduction Assignment", "Topic 9 - GUI Introduction Assignment.csproj", "{2F28FB69-4ACB-4C18-B373-42F001712464}"
EndProject
Global
	GlobalSection(SolutionConfigurationPlatforms) = preSolution
		Debug|Any CPU = Debug|Any CPU
		Release|Any CPU = Release|Any CPU
	EndGlobalSection
	GlobalSection(ProjectConfigurationPlatforms) = postSolution
		{2F28FB69-4ACB-4C18-B373-42F001712464}.Debug|Any CPU.ActiveCfg = Debug|Any CPU
		{2F28FB69-4ACB-4C18-B373-42F001712464}.Debug|Any CPU.Build.0 = Debug|Any CPU
		{2F28FB69-4ACB-4C18-B373-42F001712464}.Release|Any CPU.ActiveCfg = Release|Any CPU
		{2F28FB69-4ACB-4C18-B373-42F001712464}.Release|Any CPU.Build.0 = Release|Any CPU
	EndGlobalSection
	GlobalSection(SolutionProperties) = preSolution
		HideSolutionNode = FALSE
	EndGlobalSection
	GlobalSection(ExtensibilityGlobals) = postSolution
		SolutionGuid = {EEEA831B-0FFC-42A3-B1D8-69A294006D2F}
	EndGlobalSection
EndGlobal
